{
  "name": "slime-ast",
  "version": "0.0.1",
  "lockfileVersion": 3,
  "requires": true,
  "packages": {
    "": {
      "name": "slime-ast",
      "version": "0.0.1",
      "license": "ISC",
      "dependencies": {
        "subhuti": "^0.1.3"
      },
      "devDependencies": {
        "@types/estree": "1.0.6"
      }
    },
    "node_modules/@types/estree": {
      "version": "1.0.6",
      "resolved": "https://registry.npmmirror.com/@types/estree/-/estree-1.0.6.tgz",
      "integrity": "sha512-AYnb1nQyY49te+VRAVgmzfcgjYS91mY5P0TKUDCLEM+gNnA+3T6rWITXRLYCpahpqSQbN5cE+gHpnPyXjHWxcw==",
      "dev": true,
      "license": "MIT"
    },
    "node_modules/subhuti": {
      "version": "0.1.3",
      "resolved": "https://registry.npmmirror.com/subhuti/-/subhuti-0.1.3.tgz",
      "integrity": "sha512-n2CZotB16eHh/azxYhxogrmLoRVvVA0HLafu4MthC4QNSnW3k9xFQhaSCuFpHjIgo0fL6JL6x8fhYGGuxD0dvw==",
      "license": "MIT"
    }
  }
}
