{
  "name": "slime-main",
  "version": "0.0.1",
  "lockfileVersion": 3,
  "requires": true,
  "packages": {
    "": {
      "name": "slime-main",
      "version": "0.0.1",
      "dependencies": {
        "slime-ast": "^0.0.1",
        "slime-generator": "^0.0.1",
        "slime-parser": "^0.0.1",
        "subhuti": "^0.1.3"
      }
    },
    "node_modules/slime-ast": {
      "version": "0.0.1",
      "resolved": "https://registry.npmmirror.com/slime-ast/-/slime-ast-0.0.1.tgz",
      "integrity": "sha512-CCffDLTPrH5+39Vf+CeUN8Ngw8fY/EvjfrrTujYgcgoWnV8svVUSLy38Ds/HSVJXl7dOeE5lAWsYgekjkXwcYw==",
      "license": "ISC"
    },
    "node_modules/slime-generator": {
      "version": "0.0.1",
      "resolved": "https://registry.npmmirror.com/slime-generator/-/slime-generator-0.0.1.tgz",
      "integrity": "sha512-EcQrhwOmEzG3LUqUCCS20L/UwQbopLWZFL/t07tk0bvaEOd7HhXkQnwnj0PhcQ8V1veRsPOtMkk8m/WeRtpe6w==",
      "license": "ISC"
    },
    "node_modules/slime-parser": {
      "version": "0.0.1",
      "resolved": "https://registry.npmmirror.com/slime-parser/-/slime-parser-0.0.1.tgz",
      "integrity": "sha512-hzvUKg13Aumphgib15LZp81moU/y6//xls41JMojT7QfiyZpHe6JIcxWqR/uyTpfV8Lps+yzxzWpWGQHmyqyvw==",
      "license": "ISC"
    },
    "node_modules/subhuti": {
      "version": "0.1.3",
      "resolved": "https://registry.npmmirror.com/subhuti/-/subhuti-0.1.3.tgz",
      "integrity": "sha512-n2CZotB16eHh/azxYhxogrmLoRVvVA0HLafu4MthC4QNSnW3k9xFQhaSCuFpHjIgo0fL6JL6x8fhYGGuxD0dvw==",
      "license": "MIT"
    }
  }
}
